
Microsoft Visual Studio Solution File, Format Version 12.00
# Visual Studio Version 16
VisualStudioVersion = 16.0.30804.86
MinimumVisualStudioVersion = 10.0.40219.1
Project("{9A19103F-16F7-4668-BE54-9A1E7A4F7556}") = "ConsoleApp", "ConsoleApp\ConsoleApp.csproj", "{70A6F5FE-5C20-4C4E-943D-65ED1C814D69}"
EndProject
Project("{9A19103F-16F7-4668-BE54-9A1E7A4F7556}") = "DataAccessLayer", "DataAccessLayer\DataAccessLayer.csproj", "{6E4FEB35-2D5F-4A40-9B8A-4D1258F42E72}"
EndProject
Project("{FAE04EC0-301F-11D3-BF4B-00C04F79EFBC}") = "ChartHelper", "ChartHelper\ChartHelper.csproj", "{63D1D5A6-E2A6-4464-9434-78C26EA529F6}"
EndProject
Global
	GlobalSection(SolutionConfigurationPlatforms) = preSolution
		Debug|Any CPU = Debug|Any CPU
		Release|Any CPU = Release|Any CPU
	EndGlobalSection
	GlobalSection(ProjectConfigurationPlatforms) = postSolution
		{70A6F5FE-5C20-4C4E-943D-65ED1C814D69}.Debug|Any CPU.ActiveCfg = Debug|Any CPU
		{70A6F5FE-5C20-4C4E-943D-65ED1C814D69}.Debug|Any CPU.Build.0 = Debug|Any CPU
		{70A6F5FE-5C20-4C4E-943D-65ED1C814D69}.Release|Any CPU.ActiveCfg = Release|Any CPU
		{70A6F5FE-5C20-4C4E-943D-65ED1C814D69}.Release|Any CPU.Build.0 = Release|Any CPU
		{6E4FEB35-2D5F-4A40-9B8A-4D1258F42E72}.Debug|Any CPU.ActiveCfg = Debug|Any CPU
		{6E4FEB35-2D5F-4A40-9B8A-4D1258F42E72}.Debug|Any CPU.Build.0 = Debug|Any CPU
		{6E4FEB35-2D5F-4A40-9B8A-4D1258F42E72}.Release|Any CPU.ActiveCfg = Release|Any CPU
		{6E4FEB35-2D5F-4A40-9B8A-4D1258F42E72}.Release|Any CPU.Build.0 = Release|Any CPU
		{63D1D5A6-E2A6-4464-9434-78C26EA529F6}.Debug|Any CPU.ActiveCfg = Debug|Any CPU
		{63D1D5A6-E2A6-4464-9434-78C26EA529F6}.Debug|Any CPU.Build.0 = Debug|Any CPU
		{63D1D5A6-E2A6-4464-9434-78C26EA529F6}.Release|Any CPU.ActiveCfg = Release|Any CPU
		{63D1D5A6-E2A6-4464-9434-78C26EA529F6}.Release|Any CPU.Build.0 = Release|Any CPU
	EndGlobalSection
	GlobalSection(SolutionProperties) = preSolution
		HideSolutionNode = FALSE
	EndGlobalSection
	GlobalSection(ExtensibilityGlobals) = postSolution
		SolutionGuid = {31869DFC-7693-4A78-91F5-C8ED6899B4ED}
	EndGlobalSection
EndGlobal
